
Microsoft Visual Studio Solution File, Format Version 12.00
# Visual Studio Version 17
VisualStudioVersion = 17.5.002.0
MinimumVisualStudioVersion = 10.0.40219.1
Project("{9A19103F-16F7-4668-BE54-9A1E7A4F7556}") = "DidItAgain.Proxy", "DidItAgain.Proxy.csproj", "{FBD1E3DE-056E-4F34-9B51-9EEA8F67D24B}"
EndProject
Project("{2150E333-8FDC-42A3-9474-1A3956D46DE8}") = "Solution Items", "Solution Items", "{5850D640-9919-4886-8CF3-1B6FA0CA5BFC}"
	ProjectSection(SolutionItems) = preProject
		test.http = test.http
	EndProjectSection
EndProject
Global
	GlobalSection(SolutionConfigurationPlatforms) = preSolution
		Debug|Any CPU = Debug|Any CPU
		Release|Any CPU = Release|Any CPU
	EndGlobalSection
	GlobalSection(ProjectConfigurationPlatforms) = postSolution
		{FBD1E3DE-056E-4F34-9B51-9EEA8F67D24B}.Debug|Any CPU.ActiveCfg = Debug|Any CPU
		{FBD1E3DE-056E-4F34-9B51-9EEA8F67D24B}.Debug|Any CPU.Build.0 = Debug|Any CPU
		{FBD1E3DE-056E-4F34-9B51-9EEA8F67D24B}.Release|Any CPU.ActiveCfg = Release|Any CPU
		{FBD1E3DE-056E-4F34-9B51-9EEA8F67D24B}.Release|Any CPU.Build.0 = Release|Any CPU
	EndGlobalSection
	GlobalSection(SolutionProperties) = preSolution
		HideSolutionNode = FALSE
	EndGlobalSection
	GlobalSection(ExtensibilityGlobals) = postSolution
		SolutionGuid = {698D2379-3CD8-49B1-8F9F-109D5AF72E09}
	EndGlobalSection
EndGlobal
